# OSCAL upstream reconciliation lock.
#
# Records WHAT we last reconciled the hand-authored protos against. The
# scheduled reconcile loop (.github/workflows/oscal-reconcile.yml) computes
# drift as: feed.latest != lock.current. This file is the anchor; recipes/
# declare where to look. Bumped only via a reviewed reconcile PR (DAL 3,
# never auto-merged).
#
# OSCAL v1.2.3 was reconciled against the official release assets on
# 2026-08-16. The v1.2.2 -> v1.2.3 patch changed component vocabularies and
# documentation but introduced no protobuf wire-shape delta. Mapping support
# was brought onto the released 1.2 model additively during the same upgrade.
version: "1.0"
sources:
  oscal:
    repo: usnistgov/OSCAL
    # Bare semver (no "v" prefix) — the canonical comparable form the poller
    # extracts from the feed. The "v" tag is reconstructed for URLs by recipes.
    # Latest verified release at reconciliation time (2026-08-16).
    oscal_metaschema_version: "1.2.3"
    source_commit: "e061961c7702afeabffdf5e59894d35e748dade1"
    release_zip_sha256: "sha256:eefb4ec5b1383d3b15fca27e0b63bc84b8661d6ee17e4f92acb437606e9ee982"
    reconciled_at: "2026-08-16T17:31:42Z"
    parity: verified         # unverified | verified | drift
  ciso_assistant:
    repo: intuitem/ciso-assistant-community
    branch: main
    # Framework libraries feed data/frameworks/manifest.yaml. Tracked by commit
    # on the default branch (manifest pulls from main, so this drifts often).
    # Baseline pinned 2026-06-21 to the then-current main HEAD. This is a
    # BASELINE PIN (accept current as the starting point), not a content diff —
    # parity stays unverified until a reconcile run actually compares framework
    # content. It suppresses the day-one drift PR; the next upstream commit fires one.
    source_commit: "b205141a202e10b1c0df1c5bc27d28724e36046e"
    reconciled_at: "2026-06-21T00:00:00Z"
    parity: unverified
